// !$*UTF8*$!
{
	archiveVersion = 1;
	classes = {
	};
	objectVersion = 46;
	objects = {

/* Begin PBXBuildFile section */
		6E83B4F21E5FF8FE00A962A9 /* AppDelegate.swift in Sources */ = {isa = PBXBuildFile; fileRef = 6E83B4F11E5FF8FE00A962A9 /* AppDelegate.swift */; };
		6E83B4F41E5FF8FE00A962A9 /* ViewController.swift in Sources */ = {isa = PBXBuildFile; fileRef = 6E83B4F31E5FF8FE00A962A9 /* ViewController.swift */; };
		6E83B4F71E5FF8FE00A962A9 /* Main.storyboard in Resources */ = {isa = PBXBuildFile; fileRef = 6E83B4F51E5FF8FE00A962A9 /* Main.storyboard */; };
		6E83B4F91E5FF8FE00A962A9 /* Assets.xcassets in Resources */ = {isa = PBXBuildFile; fileRef = 6E83B4F81E5FF8FE00A962A9 /* Assets.xcassets */; };
		6E83B4FC1E5FF8FE00A962A9 /* LaunchScreen.storyboard in Resources */ = {isa = PBXBuildFile; fileRef = 6E83B4FA1E5FF8FE00A962A9 /* LaunchScreen.storyboard */; };
		6E83B5071E5FF8FE00A962A9 /* Parse_Chat_1_0Tests.swift in Sources */ = {isa = PBXBuildFile; fileRef = 6E83B5061E5FF8FE00A962A9 /* Parse_Chat_1_0Tests.swift */; };
		6E83B5121E5FF8FE00A962A9 /* Parse_Chat_1_0UITests.swift in Sources */ = {isa = PBXBuildFile; fileRef = 6E83B5111E5FF8FE00A962A9 /* Parse_Chat_1_0UITests.swift */; };
		C5059A94E4FE3B09E17DF67B /* Pods_Parse_Chat_1_0.framework in Frameworks */ = {isa = PBXBuildFile; fileRef = 1EB6532731A9B3CF67B1B978 /* Pods_Parse_Chat_1_0.framework */; };
/* End PBXBuildFile section */

/* Begin PBXContainerItemProxy section */
		6E83B5031E5FF8FE00A962A9 /* PBXContainerItemProxy */ = {
			isa = PBXContainerItemProxy;
			containerPortal = 6E83B4E61E5FF8FE00A962A9 /* Project object */;
			proxyType = 1;
			remoteGlobalIDString = 6E83B4ED1E5FF8FE00A962A9;
			remoteInfo = "Parse Chat 1.0";
		};
		6E83B50E1E5FF8FE00A962A9 /* PBXContainerItemProxy */ = {
			isa = PBXContainerItemProxy;
			containerPortal = 6E83B4E61E5FF8FE00A962A9 /* Project object */;
			proxyType = 1;
			remoteGlobalIDString = 6E83B4ED1E5FF8FE00A962A9;
			remoteInfo = "Parse Chat 1.0";
		};
/* End PBXContainerItemProxy section */

/* Begin PBXFileReference section */
		1EB6532731A9B3CF67B1B978 /* Pods_Parse_Chat_1_0.framework */ = {isa = PBXFileReference; explicitFileType = wrapper.framework; includeInIndex = 0; path = Pods_Parse_Chat_1_0.framework; sourceTree = BUILT_PRODUCTS_DIR; };
		6E83B4EE1E5FF8FE00A962A9 /* Parse Chat 1.0.app */ = {isa = PBXFileReference; explicitFileType = wrapper.application; includeInIndex = 0; path = "Parse Chat 1.0.app"; sourceTree = BUILT_PRODUCTS_DIR; };
		6E83B4F11E5FF8FE00A962A9 /* AppDelegate.swift */ = {isa = PBXFileReference; lastKnownFileType = sourcecode.swift; path = AppDelegate.swift; sourceTree = "<group>"; };
		6E83B4F31E5FF8FE00A962A9 /* ViewController.swift */ = {isa = PBXFileReference; lastKnownFileType = sourcecode.swift; path = ViewController.swift; sourceTree = "<group>"; };
		6E83B4F61E5FF8FE00A962A9 /* Base */ = {isa = PBXFileReference; lastKnownFileType = file.storyboard; name = Base; path = Base.lproj/Main.storyboard; sourceTree = "<group>"; };
		6E83B4F81E5FF8FE00A962A9 /* Assets.xcassets */ = {isa = PBXFileReference; lastKnownFileType = folder.assetcatalog; path = Assets.xcassets; sourceTree = "<group>"; };
		6E83B4FB1E5FF8FE00A962A9 /* Base */ = {isa = PBXFileReference; lastKnownFileType = file.storyboard; name = Base; path = Base.lproj/LaunchScreen.storyboard; sourceTree = "<group>"; };
		6E83B4FD1E5FF8FE00A962A9 /* Info.plist */ = {isa = PBXFileReference; lastKnownFileType = text.plist.xml; path = Info.plist; sourceTree = "<group>"; };
		6E83B5021E5FF8FE00A962A9 /* Parse Chat 1.0Tests.xctest */ = {isa = PBXFileReference; explicitFileType = wrapper.cfbundle; includeInIndex = 0; path = "Parse Chat 1.0Tests.xctest"; sourceTree = BUILT_PRODUCTS_DIR; };
		6E83B5061E5FF8FE00A962A9 /* Parse_Chat_1_0Tests.swift */ = {isa = PBXFileReference; lastKnownFileType = sourcecode.swift; path = Parse_Chat_1_0Tests.swift; sourceTree = "<group>"; };
		6E83B5081E5FF8FE00A962A9 /* Info.plist */ = {isa = PBXFileReference; lastKnownFileType = text.plist.xml; path = Info.plist; sourceTree = "<group>"; };
		6E83B50D1E5FF8FE00A962A9 /* Parse Chat 1.0UITests.xctest */ = {isa = PBXFileReference; explicitFileType = wrapper.cfbundle; includeInIndex = 0; path = "Parse Chat 1.0UITests.xctest"; sourceTree = BUILT_PRODUCTS_DIR; };
		6E83B5111E5FF8FE00A962A9 /* Parse_Chat_1_0UITests.swift */ = {isa = PBXFileReference; lastKnownFileType = sourcecode.swift; path = Parse_Chat_1_0UITests.swift; sourceTree = "<group>"; };
		6E83B5131E5FF8FE00A962A9 /* Info.plist */ = {isa = PBXFileReference; lastKnownFileType = text.plist.xml; path = Info.plist; sourceTree = "<group>"; };
		703FC0DBB7BC198D8C293D8B /* Pods_Parse_Chat_1_0Tests.framework */ = {isa = PBXFileReference; explicitFileType = wrapper.framework; includeInIndex = 0; path = Pods_Parse_Chat_1_0Tests.framework; sourceTree = BUILT_PRODUCTS_DIR; };
		ABE6C3D5A046FDCCBD6CFA16 /* Pods-Parse Chat 1.0.release.xcconfig */ = {isa = PBXFileReference; includeInIndex = 1; lastKnownFileType = text.xcconfig; name = "Pods-Parse Chat 1.0.release.xcconfig"; path = "Pods/Target Support Files/Pods-Parse Chat 1.0/Pods-Parse Chat 1.0.release.xcconfig"; sourceTree = "<group>"; };
		B7D1BD6A59DA9D12354AAF51 /* Pods_Parse_Chat_1_0UITests.framework */ = {isa = PBXFileReference; explicitFileType = wrapper.framework; includeInIndex = 0; path = Pods_Parse_Chat_1_0UITests.framework; sourceTree = BUILT_PRODUCTS_DIR; };
		E18CA111E918D9E40D91598E /* Pods-Parse Chat 1.0.debug.xcconfig */ = {isa = PBXFileReference; includeInIndex = 1; lastKnownFileType = text.xcconfig; name = "Pods-Parse Chat 1.0.debug.xcconfig"; path = "Pods/Target Support Files/Pods-Parse Chat 1.0/Pods-Parse Chat 1.0.debug.xcconfig"; sourceTree = "<group>"; };
/* End PBXFileReference section */

/* Begin PBXFrameworksBuildPhase section */
		6E83B4EB1E5FF8FE00A962A9 /* Frameworks */ = {
			isa = PBXFrameworksBuildPhase;
			buildActionMask = 2147483647;
			files = (
				C5059A94E4FE3B09E17DF67B /* Pods_Parse_Chat_1_0.framework in Frameworks */,
			);
			runOnlyForDeploymentPostprocessing = 0;
		};
		6E83B4FF1E5FF8FE00A962A9 /* Frameworks */ = {
			isa = PBXFrameworksBuildPhase;
			buildActionMask = 2147483647;
			files = (
			);
			runOnlyForDeploymentPostprocessing = 0;
		};
		6E83B50A1E5FF8FE00A962A9 /* Frameworks */ = {
			isa = PBXFrameworksBuildPhase;
			buildActionMask = 2147483647;
			files = (
			);
			runOnlyForDeploymentPostprocessing = 0;
		};
/* End PBXFrameworksBuildPhase section */

/* Begin PBXGroup section */
		017BE64D50EC07620A408F50 /* Pods */ = {
			isa = PBXGroup;
			children = (
				E18CA111E918D9E40D91598E /* Pods-Parse Chat 1.0.debug.xcconfig */,
				ABE6C3D5A046FDCCBD6CFA16 /* Pods-Parse Chat 1.0.release.xcconfig */,
			);
			name = Pods;
			sourceTree = "<group>";
		};
		5ED6777D8281180D55B15A9C /* Frameworks */ = {
			isa = PBXGroup;
			children = (
				1EB6532731A9B3CF67B1B978 /* Pods_Parse_Chat_1_0.framework */,
				703FC0DBB7BC198D8C293D8B /* Pods_Parse_Chat_1_0Tests.framework */,
				B7D1BD6A59DA9D12354AAF51 /* Pods_Parse_Chat_1_0UITests.framework */,
			);
			name = Frameworks;
			sourceTree = "<group>";
		};
		6E83B4E51E5FF8FE00A962A9 = {
			isa = PBXGroup;
			children = (
				6E83B4F01E5FF8FE00A962A9 /* Parse Chat 1.0 */,
				6E83B5051E5FF8FE00A962A9 /* Parse Chat 1.0Tests */,
				6E83B5101E5FF8FE00A962A9 /* Parse Chat 1.0UITests */,
				6E83B4EF1E5FF8FE00A962A9 /* Products */,
				017BE64D50EC07620A408F50 /* Pods */,
				5ED6777D8281180D55B15A9C /* Frameworks */,
			);
			sourceTree = "<group>";
		};
		6E83B4EF1E5FF8FE00A962A9 /* Products */ = {
			isa = PBXGroup;
			children = (
				6E83B4EE1E5FF8FE00A962A9 /* Parse Chat 1.0.app */,
				6E83B5021E5FF8FE00A962A9 /* Parse Chat 1.0Tests.xctest */,
				6E83B50D1E5FF8FE00A962A9 /* Parse Chat 1.0UITests.xctest */,
			);
			name = Products;
			sourceTree = "<group>";
		};
		6E83B4F01E5FF8FE00A962A9 /* Parse Chat 1.0 */ = {
			isa = PBXGroup;
			children = (
				6E83B4F11E5FF8FE00A962A9 /* AppDelegate.swift */,
				6E83B4F31E5FF8FE00A962A9 /* ViewController.swift */,
				6E83B4F51E5FF8FE00A962A9 /* Main.storyboard */,
				6E83B4F81E5FF8FE00A962A9 /* Assets.xcassets */,
				6E83B4FA1E5FF8FE00A962A9 /* LaunchScreen.storyboard */,
				6E83B4FD1E5FF8FE00A962A9 /* Info.plist */,
			);
			path = "Parse Chat 1.0";
			sourceTree = "<group>";
		};
		6E83B5051E5FF8FE00A962A9 /* Parse Chat 1.0Tests */ = {
			isa = PBXGroup;
			children = (
				6E83B5061E5FF8FE00A962A9 /* Parse_Chat_1_0Tests.swift */,
				6E83B5081E5FF8FE00A962A9 /* Info.plist */,
			);
			path = "Parse Chat 1.0Tests";
			sourceTree = "<group>";
		};
		6E83B5101E5FF8FE00A962A9 /* Parse Chat 1.0UITests */ = {
			isa = PBXGroup;
			children = (
				6E83B5111E5FF8FE00A962A9 /* Parse_Chat_1_0UITests.swift */,
				6E83B5131E5FF8FE00A962A9 /* Info.plist */,
			);
			path = "Parse Chat 1.0UITests";
			sourceTree = "<group>";
		};
/* End PBXGroup section */

/* Begin PBXNativeTarget section */
		6E83B4ED1E5FF8FE00A962A9 /* Parse Chat 1.0 */ = {
			isa = PBXNativeTarget;
			buildConfigurationList = 6E83B5161E5FF8FE00A962A9 /* Build configuration list for PBXNativeTarget "Parse Chat 1.0" */;
			buildPhases = (
				70B142EDC86BE0771FB619A2 /* [CP] Check Pods Manifest.lock */,
				6E83B4EA1E5FF8FE00A962A9 /* Sources */,
				6E83B4EB1E5FF8FE00A962A9 /* Frameworks */,
				6E83B4EC1E5FF8FE00A962A9 /* Resources */,
				6135FBED3C3DEAA416D258EE /* [CP] Embed Pods Frameworks */,
				3A984117A36730D7D2D66536 /* [CP] Copy Pods Resources */,
			);
			buildRules = (
			);
			dependencies = (
			);
			name = "Parse Chat 1.0";
			productName = "Parse Chat 1.0";
			productReference = 6E83B4EE1E5FF8FE00A962A9 /* Parse Chat 1.0.app */;
			productType = "com.apple.product-type.application";
		};
		6E83B5011E5FF8FE00A962A9 /* Parse Chat 1.0Tests */ = {
			isa = PBXNativeTarget;
			buildConfigurationList = 6E83B5191E5FF8FE00A962A9 /* Build configuration list for PBXNativeTarget "Parse Chat 1.0Tests" */;
			buildPhases = (
				6E83B4FE1E5FF8FE00A962A9 /* Sources */,
				6E83B4FF1E5FF8FE00A962A9 /* Frameworks */,
				6E83B5001E5FF8FE00A962A9 /* Resources */,
			);
			buildRules = (
			);
			dependencies = (
				6E83B5041E5FF8FE00A962A9 /* PBXTargetDependency */,
			);
			name = "Parse Chat 1.0Tests";
			productName = "Parse Chat 1.0Tests";
			productReference = 6E83B5021E5FF8FE00A962A9 /* Parse Chat 1.0Tests.xctest */;
			productType = "com.apple.product-type.bundle.unit-test";
		};
		6E83B50C1E5FF8FE00A962A9 /* Parse Chat 1.0UITests */ = {
			isa = PBXNativeTarget;
			buildConfigurationList = 6E83B51C1E5FF8FE00A962A9 /* Build configuration list for PBXNativeTarget "Parse Chat 1.0UITests" */;
			buildPhases = (
				6E83B5091E5FF8FE00A962A9 /* Sources */,
				6E83B50A1E5FF8FE00A962A9 /* Frameworks */,
				6E83B50B1E5FF8FE00A962A9 /* Resources */,
			);
			buildRules = (
			);
			dependencies = (
				6E83B50F1E5FF8FE00A962A9 /* PBXTargetDependency */,
			);
			name = "Parse Chat 1.0UITests";
			productName = "Parse Chat 1.0UITests";
			productReference = 6E83B50D1E5FF8FE00A962A9 /* Parse Chat 1.0UITests.xctest */;
			productType = "com.apple.product-type.bundle.ui-testing";
		};
/* End PBXNativeTarget section */

/* Begin PBXProject section */
		6E83B4E61E5FF8FE00A962A9 /* Project object */ = {
			isa = PBXProject;
			attributes = {
				LastSwiftUpdateCheck = 0820;
				LastUpgradeCheck = 0820;
				ORGANIZATIONNAME = "Jake Vo";
				TargetAttributes = {
					6E83B4ED1E5FF8FE00A962A9 = {
						CreatedOnToolsVersion = 8.2.1;
						DevelopmentTeam = YXRDGGLHC4;
						ProvisioningStyle = Automatic;
					};
					6E83B5011E5FF8FE00A962A9 = {
						CreatedOnToolsVersion = 8.2.1;
						DevelopmentTeam = YXRDGGLHC4;
						ProvisioningStyle = Automatic;
						TestTargetID = 6E83B4ED1E5FF8FE00A962A9;
					};
					6E83B50C1E5FF8FE00A962A9 = {
						CreatedOnToolsVersion = 8.2.1;
						DevelopmentTeam = YXRDGGLHC4;
						ProvisioningStyle = Automatic;
						TestTargetID = 6E83B4ED1E5FF8FE00A962A9;
					};
				};
			};
			buildConfigurationList = 6E83B4E91E5FF8FE00A962A9 /* Build configuration list for PBXProject "Parse Chat 1.0" */;
			compatibilityVersion = "Xcode 3.2";
			developmentRegion = English;
			hasScannedForEncodings = 0;
			knownRegions = (
				en,
				Base,
			);
			mainGroup = 6E83B4E51E5FF8FE00A962A9;
			productRefGroup = 6E83B4EF1E5FF8FE00A962A9 /* Products */;
			projectDirPath = "";
			projectRoot = "";
			targets = (
				6E83B4ED1E5FF8FE00A962A9 /* Parse Chat 1.0 */,
				6E83B5011E5FF8FE00A962A9 /* Parse Chat 1.0Tests */,
				6E83B50C1E5FF8FE00A962A9 /* Parse Chat 1.0UITests */,
			);
		};
/* End PBXProject section */

/* Begin PBXResourcesBuildPhase section */
		6E83B4EC1E5FF8FE00A962A9 /* Resources */ = {
			isa = PBXResourcesBuildPhase;
			buildActionMask = 2147483647;
			files = (
				6E83B4FC1E5FF8FE00A962A9 /* LaunchScreen.storyboard in Resources */,
				6E83B4F91E5FF8FE00A962A9 /* Assets.xcassets in Resources */,
				6E83B4F71E5FF8FE00A962A9 /* Main.storyboard in Resources */,
			);
			runOnlyForDeploymentPostprocessing = 0;
		};
		6E83B5001E5FF8FE00A962A9 /* Resources */ = {
			isa = PBXResourcesBuildPhase;
			buildActionMask = 2147483647;
			files = (
			);
			runOnlyForDeploymentPostprocessing = 0;
		};
		6E83B50B1E5FF8FE00A962A9 /* Resources */ = {
			isa = PBXResourcesBuildPhase;
			buildActionMask = 2147483647;
			files = (
			);
			runOnlyForDeploymentPostprocessing = 0;
		};
/* End PBXResourcesBuildPhase section */

/* Begin PBXShellScriptBuildPhase section */
		3A984117A36730D7D2D66536 /* [CP] Copy Pods Resources */ = {
			isa = PBXShellScriptBuildPhase;
			buildActionMask = 2147483647;
			files = (
			);
			inputPaths = (
			);
			name = "[CP] Copy Pods Resources";
			outputPaths = (
			);
			runOnlyForDeploymentPostprocessing = 0;
			shellPath = /bin/sh;
			shellScript = "\"${SRCROOT}/Pods/Target Support Files/Pods-Parse Chat 1.0/Pods-Parse Chat 1.0-resources.sh\"\n";
			showEnvVarsInLog = 0;
		};
		6135FBED3C3DEAA416D258EE /* [CP] Embed Pods Frameworks */ = {
			isa = PBXShellScriptBuildPhase;
			buildActionMask = 2147483647;
			files = (
			);
			inputPaths = (
			);
			name = "[CP] Embed Pods Frameworks";
			outputPaths = (
			);
			runOnlyForDeploymentPostprocessing = 0;
			shellPath = /bin/sh;
			shellScript = "\"${SRCROOT}/Pods/Target Support Files/Pods-Parse Chat 1.0/Pods-Parse Chat 1.0-frameworks.sh\"\n";
			showEnvVarsInLog = 0;
		};
		70B142EDC86BE0771FB619A2 /* [CP] Check Pods Manifest.lock */ = {
			isa = PBXShellScriptBuildPhase;
			buildActionMask = 2147483647;
			files = (
			);
			inputPaths = (
			);
			name = "[CP] Check Pods Manifest.lock";
			outputPaths = (
			);
			runOnlyForDeploymentPostprocessing = 0;
			shellPath = /bin/sh;
			shellScript = "diff \"${PODS_ROOT}/../Podfile.lock\" \"${PODS_ROOT}/Manifest.lock\" > /dev/null\nif [ $? != 0 ] ; then\n    # print error to STDERR\n    echo \"error: The sandbox is not in sync with the Podfile.lock. Run 'pod install' or update your CocoaPods installation.\" >&2\n    exit 1\nfi\n";
			showEnvVarsInLog = 0;
		};
/* End PBXShellScriptBuildPhase section */

/* Begin PBXSourcesBuildPhase section */
		6E83B4EA1E5FF8FE00A962A9 /* Sources */ = {
			isa = PBXSourcesBuildPhase;
			buildActionMask = 2147483647;
			files = (
				6E83B4F41E5FF8FE00A962A9 /* ViewController.swift in Sources */,
				6E83B4F21E5FF8FE00A962A9 /* AppDelegate.swift in Sources */,
			);
			runOnlyForDeploymentPostprocessing = 0;
		};
		6E83B4FE1E5FF8FE00A962A9 /* Sources */ = {
			isa = PBXSourcesBuildPhase;
			buildActionMask = 2147483647;
			files = (
				6E83B5071E5FF8FE00A962A9 /* Parse_Chat_1_0Tests.swift in Sources */,
			);
			runOnlyForDeploymentPostprocessing = 0;
		};
		6E83B5091E5FF8FE00A962A9 /* Sources */ = {
			isa = PBXSourcesBuildPhase;
			buildActionMask = 2147483647;
			files = (
				6E83B5121E5FF8FE00A962A9 /* Parse_Chat_1_0UITests.swift in Sources */,
			);
			runOnlyForDeploymentPostprocessing = 0;
		};
/* End PBXSourcesBuildPhase section */

/* Begin PBXTargetDependency section */
		6E83B5041E5FF8FE00A962A9 /* PBXTargetDependency */ = {
			isa = PBXTargetDependency;
			target = 6E83B4ED1E5FF8FE00A962A9 /* Parse Chat 1.0 */;
			targetProxy = 6E83B5031E5FF8FE00A962A9 /* PBXContainerItemProxy */;
		};
		6E83B50F1E5FF8FE00A962A9 /* PBXTargetDependency */ = {
			isa = PBXTargetDependency;
			target = 6E83B4ED1E5FF8FE00A962A9 /* Parse Chat 1.0 */;
			targetProxy = 6E83B50E1E5FF8FE00A962A9 /* PBXContainerItemProxy */;
		};
/* End PBXTargetDependency section */

/* Begin PBXVariantGroup section */
		6E83B4F51E5FF8FE00A962A9 /* Main.storyboard */ = {
			isa = PBXVariantGroup;
			children = (
				6E83B4F61E5FF8FE00A962A9 /* Base */,
			);
			name = Main.storyboard;
			sourceTree = "<group>";
		};
		6E83B4FA1E5FF8FE00A962A9 /* LaunchScreen.storyboard */ = {
			isa = PBXVariantGroup;
			children = (
				6E83B4FB1E5FF8FE00A962A9 /* Base */,
			);
			name = LaunchScreen.storyboard;
			sourceTree = "<group>";
		};
/* End PBXVariantGroup section */

/* Begin XCBuildConfiguration section */
		6E83B5141E5FF8FE00A962A9 /* Debug */ = {
			isa = XCBuildConfiguration;
			buildSettings = {
				ALWAYS_SEARCH_USER_PATHS = NO;
				CLANG_ANALYZER_NONNULL = YES;
				CLANG_CXX_LANGUAGE_STANDARD = "gnu++0x";
				CLANG_CXX_LIBRARY = "libc++";
				CLANG_ENABLE_MODULES = YES;
				CLANG_ENABLE_OBJC_ARC = YES;
				CLANG_WARN_BOOL_CONVERSION = YES;
				CLANG_WARN_CONSTANT_CONVERSION = YES;
				CLANG_WARN_DIRECT_OBJC_ISA_USAGE = YES_ERROR;
				CLANG_WARN_DOCUMENTATION_COMMENTS = YES;
				CLANG_WARN_EMPTY_BODY = YES;
				CLANG_WARN_ENUM_CONVERSION = YES;
				CLANG_WARN_INFINITE_RECURSION = YES;
				CLANG_WARN_INT_CONVERSION = YES;
				CLANG_WARN_OBJC_ROOT_CLASS = YES_ERROR;
				CLANG_WARN_SUSPICIOUS_MOVE = YES;
				CLANG_WARN_UNREACHABLE_CODE = YES;
				CLANG_WARN__DUPLICATE_METHOD_MATCH = YES;
				"CODE_SIGN_IDENTITY[sdk=iphoneos*]" = "iPhone Developer";
				COPY_PHASE_STRIP = NO;
				DEBUG_INFORMATION_FORMAT = dwarf;
				ENABLE_STRICT_OBJC_MSGSEND = YES;
				ENABLE_TESTABILITY = YES;
				GCC_C_LANGUAGE_STANDARD = gnu99;
				GCC_DYNAMIC_NO_PIC = NO;
				GCC_NO_COMMON_BLOCKS = YES;
				GCC_OPTIMIZATION_LEVEL = 0;
				GCC_PREPROCESSOR_DEFINITIONS = (
					"DEBUG=1",
					"$(inherited)",
				);
				GCC_WARN_64_TO_32_BIT_CONVERSION = YES;
				GCC_WARN_ABOUT_RETURN_TYPE = YES_ERROR;
				GCC_WARN_UNDECLARED_SELECTOR = YES;
				GCC_WARN_UNINITIALIZED_AUTOS = YES_AGGRESSIVE;
				GCC_WARN_UNUSED_FUNCTION = YES;
				GCC_WARN_UNUSED_VARIABLE = YES;
				IPHONEOS_DEPLOYMENT_TARGET = 10.2;
				MTL_ENABLE_DEBUG_INFO = YES;
				ONLY_ACTIVE_ARCH = YES;
				SDKROOT = iphoneos;
				SWIFT_ACTIVE_COMPILATION_CONDITIONS = DEBUG;
				SWIFT_OPTIMIZATION_LEVEL = "-Onone";
			};
			name = Debug;
		};
		6E83B5151E5FF8FE00A962A9 /* Release */ = {
			isa = XCBuildConfiguration;
			buildSettings = {
				ALWAYS_SEARCH_USER_PATHS = NO;
				CLANG_ANALYZER_NONNULL = YES;
				CLANG_CXX_LANGUAGE_STANDARD = "gnu++0x";
				CLANG_CXX_LIBRARY = "libc++";
				CLANG_ENABLE_MODULES = YES;
				CLANG_ENABLE_OBJC_ARC = YES;
				CLANG_WARN_BOOL_CONVERSION = YES;
				CLANG_WARN_CONSTANT_CONVERSION = YES;
				CLANG_WARN_DIRECT_OBJC_ISA_USAGE = YES_ERROR;
				CLANG_WARN_DOCUMENTATION_COMMENTS = YES;
				CLANG_WARN_EMPTY_BODY = YES;
				CLANG_WARN_ENUM_CONVERSION = YES;
				CLANG_WARN_INFINITE_RECURSION = YES;
				CLANG_WARN_INT_CONVERSION = YES;
				CLANG_WARN_OBJC_ROOT_CLASS = YES_ERROR;
				CLANG_WARN_SUSPICIOUS_MOVE = YES;
				CLANG_WARN_UNREACHABLE_CODE = YES;
				CLANG_WARN__DUPLICATE_METHOD_MATCH = YES;
				"CODE_SIGN_IDENTITY[sdk=iphoneos*]" = "iPhone Developer";
				COPY_PHASE_STRIP = NO;
				DEBUG_INFORMATION_FORMAT = "dwarf-with-dsym";
				ENABLE_NS_ASSERTIONS = NO;
				ENABLE_STRICT_OBJC_MSGSEND = YES;
				GCC_C_LANGUAGE_STANDARD = gnu99;
				GCC_NO_COMMON_BLOCKS = YES;
				GCC_WARN_64_TO_32_BIT_CONVERSION = YES;
				GCC_WARN_ABOUT_RETURN_TYPE = YES_ERROR;
				GCC_WARN_UNDECLARED_SELECTOR = YES;
				GCC_WARN_UNINITIALIZED_AUTOS = YES_AGGRESSIVE;
				GCC_WARN_UNUSED_FUNCTION = YES;
				GCC_WARN_UNUSED_VARIABLE = YES;
				IPHONEOS_DEPLOYMENT_TARGET = 10.2;
				MTL_ENABLE_DEBUG_INFO = NO;
				SDKROOT = iphoneos;
				SWIFT_OPTIMIZATION_LEVEL = "-Owholemodule";
				VALIDATE_PRODUCT = YES;
			};
			name = Release;
		};
		6E83B5171E5FF8FE00A962A9 /* Debug */ = {
			isa = XCBuildConfiguration;
			baseConfigurationReference = E18CA111E918D9E40D91598E /* Pods-Parse Chat 1.0.debug.xcconfig */;
			buildSettings = {
				ASSETCATALOG_COMPILER_APPICON_NAME = AppIcon;
				DEVELOPMENT_TEAM = YXRDGGLHC4;
				INFOPLIST_FILE = "Parse Chat 1.0/Info.plist";
				LD_RUNPATH_SEARCH_PATHS = "$(inherited) @executable_path/Frameworks";
				PRODUCT_BUNDLE_IDENTIFIER = "com.codepath.Parse-Chat-1-0";
				PRODUCT_NAME = "$(TARGET_NAME)";
				SWIFT_VERSION = 3.0;
			};
			name = Debug;
		};
		6E83B5181E5FF8FE00A962A9 /* Release */ = {
			isa = XCBuildConfiguration;
			baseConfigurationReference = ABE6C3D5A046FDCCBD6CFA16 /* Pods-Parse Chat 1.0.release.xcconfig */;
			buildSettings = {
				ASSETCATALOG_COMPILER_APPICON_NAME = AppIcon;
				DEVELOPMENT_TEAM = YXRDGGLHC4;
				INFOPLIST_FILE = "Parse Chat 1.0/Info.plist";
				LD_RUNPATH_SEARCH_PATHS = "$(inherited) @executable_path/Frameworks";
				PRODUCT_BUNDLE_IDENTIFIER = "com.codepath.Parse-Chat-1-0";
				PRODUCT_NAME = "$(TARGET_NAME)";
				SWIFT_VERSION = 3.0;
			};
			name = Release;
		};
		6E83B51A1E5FF8FE00A962A9 /* Debug */ = {
			isa = XCBuildConfiguration;
			buildSettings = {
				ALWAYS_EMBED_SWIFT_STANDARD_LIBRARIES = YES;
				BUNDLE_LOADER = "$(TEST_HOST)";
				DEVELOPMENT_TEAM = YXRDGGLHC4;
				INFOPLIST_FILE = "Parse Chat 1.0Tests/Info.plist";
				LD_RUNPATH_SEARCH_PATHS = "$(inherited) @executable_path/Frameworks @loader_path/Frameworks";
				PRODUCT_BUNDLE_IDENTIFIER = "com.codepath.Parse-Chat-1-0Tests";
				PRODUCT_NAME = "$(TARGET_NAME)";
				SWIFT_VERSION = 3.0;
				TEST_HOST = "$(BUILT_PRODUCTS_DIR)/Parse Chat 1.0.app/Parse Chat 1.0";
			};
			name = Debug;
		};
		6E83B51B1E5FF8FE00A962A9 /* Release */ = {
			isa = XCBuildConfiguration;
			buildSettings = {
				ALWAYS_EMBED_SWIFT_STANDARD_LIBRARIES = YES;
				BUNDLE_LOADER = "$(TEST_HOST)";
				DEVELOPMENT_TEAM = YXRDGGLHC4;
				INFOPLIST_FILE = "Parse Chat 1.0Tests/Info.plist";
				LD_RUNPATH_SEARCH_PATHS = "$(inherited) @executable_path/Frameworks @loader_path/Frameworks";
				PRODUCT_BUNDLE_IDENTIFIER = "com.codepath.Parse-Chat-1-0Tests";
				PRODUCT_NAME = "$(TARGET_NAME)";
				SWIFT_VERSION = 3.0;
				TEST_HOST = "$(BUILT_PRODUCTS_DIR)/Parse Chat 1.0.app/Parse Chat 1.0";
			};
			name = Release;
		};
		6E83B51D1E5FF8FE00A962A9 /* Debug */ = {
			isa = XCBuildConfiguration;
			buildSettings = {
				ALWAYS_EMBED_SWIFT_STANDARD_LIBRARIES = YES;
				DEVELOPMENT_TEAM = YXRDGGLHC4;
				INFOPLIST_FILE = "Parse Chat 1.0UITests/Info.plist";
				LD_RUNPATH_SEARCH_PATHS = "$(inherited) @executable_path/Frameworks @loader_path/Frameworks";
				PRODUCT_BUNDLE_IDENTIFIER = "com.codepath.Parse-Chat-1-0UITests";
				PRODUCT_NAME = "$(TARGET_NAME)";
				SWIFT_VERSION = 3.0;
				TEST_TARGET_NAME = "Parse Chat 1.0";
			};
			name = Debug;
		};
		6E83B51E1E5FF8FE00A962A9 /* Release */ = {
			isa = XCBuildConfiguration;
			buildSettings = {
				ALWAYS_EMBED_SWIFT_STANDARD_LIBRARIES = YES;
				DEVELOPMENT_TEAM = YXRDGGLHC4;
				INFOPLIST_FILE = "Parse Chat 1.0UITests/Info.plist";
				LD_RUNPATH_SEARCH_PATHS = "$(inherited) @executable_path/Frameworks @loader_path/Frameworks";
				PRODUCT_BUNDLE_IDENTIFIER = "com.codepath.Parse-Chat-1-0UITests";
				PRODUCT_NAME = "$(TARGET_NAME)";
				SWIFT_VERSION = 3.0;
				TEST_TARGET_NAME = "Parse Chat 1.0";
			};
			name = Release;
		};
/* End XCBuildConfiguration section */

/* Begin XCConfigurationList section */
		6E83B4E91E5FF8FE00A962A9 /* Build configuration list for PBXProject "Parse Chat 1.0" */ = {
			isa = XCConfigurationList;
			buildConfigurations = (
				6E83B5141E5FF8FE00A962A9 /* Debug */,
				6E83B5151E5FF8FE00A962A9 /* Release */,
			);
			defaultConfigurationIsVisible = 0;
			defaultConfigurationName = Release;
		};
		6E83B5161E5FF8FE00A962A9 /* Build configuration list for PBXNativeTarget "Parse Chat 1.0" */ = {
			isa = XCConfigurationList;
			buildConfigurations = (
				6E83B5171E5FF8FE00A962A9 /* Debug */,
				6E83B5181E5FF8FE00A962A9 /* Release */,
			);
			defaultConfigurationIsVisible = 0;
		};
		6E83B5191E5FF8FE00A962A9 /* Build configuration list for PBXNativeTarget "Parse Chat 1.0Tests" */ = {
			isa = XCConfigurationList;
			buildConfigurations = (
				6E83B51A1E5FF8FE00A962A9 /* Debug */,
				6E83B51B1E5FF8FE00A962A9 /* Release */,
			);
			defaultConfigurationIsVisible = 0;
		};
		6E83B51C1E5FF8FE00A962A9 /* Build configuration list for PBXNativeTarget "Parse Chat 1.0UITests" */ = {
			isa = XCConfigurationList;
			buildConfigurations = (
				6E83B51D1E5FF8FE00A962A9 /* Debug */,
				6E83B51E1E5FF8FE00A962A9 /* Release */,
			);
			defaultConfigurationIsVisible = 0;
		};
/* End XCConfigurationList section */
	};
	rootObject = 6E83B4E61E5FF8FE00A962A9 /* Project object */;
}
